
Microsoft Visual Studio Solution File, Format Version 12.00
# Visual Studio Version 17
VisualStudioVersion = 17.8.34309.116
MinimumVisualStudioVersion = 10.0.40219.1
Project("{FAE04EC0-301F-11D3-BF4B-00C04F79EFBC}") = "E-Store", "E-Store\E-Store.csproj", "{4FA80569-FF24-462F-B257-EC1B13A490D0}"
EndProject
Global
	GlobalSection(SolutionConfigurationPlatforms) = preSolution
		Debug|Any CPU = Debug|Any CPU
		Release|Any CPU = Release|Any CPU
	EndGlobalSection
	GlobalSection(ProjectConfigurationPlatforms) = postSolution
		{4FA80569-FF24-462F-B257-EC1B13A490D0}.Debug|Any CPU.ActiveCfg = Debug|Any CPU
		{4FA80569-FF24-462F-B257-EC1B13A490D0}.Debug|Any CPU.Build.0 = Debug|Any CPU
		{4FA80569-FF24-462F-B257-EC1B13A490D0}.Release|Any CPU.ActiveCfg = Release|Any CPU
		{4FA80569-FF24-462F-B257-EC1B13A490D0}.Release|Any CPU.Build.0 = Release|Any CPU
	EndGlobalSection
	GlobalSection(SolutionProperties) = preSolution
		HideSolutionNode = FALSE
	EndGlobalSection
	GlobalSection(ExtensibilityGlobals) = postSolution
		SolutionGuid = {7B7155A6-8509-4615-8390-63E43396EBB1}
	EndGlobalSection
EndGlobal
